// !$*UTF8*$!
{
	archiveVersion = 1;
	classes = {
	};
	objectVersion = 77;
	objects = {

/* Begin PBXBuildFile section */
		F7CFD4FB2D11C60C0061158C /* Preview Assets.xcassets in Resources */ = {isa = PBXBuildFile; fileRef = F7CFD4F42D11C60C0061158C /* Preview Assets.xcassets */; };
		F7CFD4FC2D11C60C0061158C /* Assets.xcassets in Resources */ = {isa = PBXBuildFile; fileRef = F7CFD4F62D11C60C0061158C /* Assets.xcassets */; };
		F7CFD4FE2D11C60C0061158C /* MarvelHero_SwiiftUIApp.swift in Sources */ = {isa = PBXBuildFile; fileRef = F7CFD4F92D11C60C0061158C /* MarvelHero_SwiiftUIApp.swift */; };
		F7CFD50B2D11C6460061158C /* Models.swift in Sources */ = {isa = PBXBuildFile; fileRef = F7CFD5072D11C6460061158C /* Models.swift */; };
		F7CFD50C2D11C6460061158C /* Extension+URLRespnse.swift in Sources */ = {isa = PBXBuildFile; fileRef = F7CFD5022D11C6460061158C /* Extension+URLRespnse.swift */; };
		F7CFD50D2D11C6460061158C /* ConstantApp.swift in Sources */ = {isa = PBXBuildFile; fileRef = F7CFD5052D11C6460061158C /* ConstantApp.swift */; };
		F7CFD5162D11C68F0061158C /* EndPoints.swift in Sources */ = {isa = PBXBuildFile; fileRef = F7CFD5112D11C68F0061158C /* EndPoints.swift */; };
		F7CFD5172D11C68F0061158C /* HttpMethods.swift in Sources */ = {isa = PBXBuildFile; fileRef = F7CFD5102D11C68F0061158C /* HttpMethods.swift */; };
		F7CFD5182D11C68F0061158C /* NetworkHeros.swift in Sources */ = {isa = PBXBuildFile; fileRef = F7CFD50E2D11C68F0061158C /* NetworkHeros.swift */; };
		F7CFD5192D11C68F0061158C /* HttpResponse.swift in Sources */ = {isa = PBXBuildFile; fileRef = F7CFD50F2D11C68F0061158C /* HttpResponse.swift */; };
		F7CFD5222D11D5B20061158C /* HeroRepositoryProtocol.swift in Sources */ = {isa = PBXBuildFile; fileRef = F7CFD51B2D11D4ED0061158C /* HeroRepositoryProtocol.swift */; };
		F7CFD5242D11D6090061158C /* DefaultHerosRepository.swift in Sources */ = {isa = PBXBuildFile; fileRef = F7CFD5232D11D5EE0061158C /* DefaultHerosRepository.swift */; };
		F7CFD5272D11D7020061158C /* HerosUseCase.swift in Sources */ = {isa = PBXBuildFile; fileRef = F7CFD5262D11D6FB0061158C /* HerosUseCase.swift */; };
		F7CFD5292D11E1270061158C /* HerosViewModel.swift in Sources */ = {isa = PBXBuildFile; fileRef = F7CFD5282D11E1190061158C /* HerosViewModel.swift */; };
		F7CFD52B2D11E2680061158C /* HeroesData.json in Sources */ = {isa = PBXBuildFile; fileRef = F7CFD52A2D11E25A0061158C /* HeroesData.json */; };
		F7CFD52D2D11EBB20061158C /* HerosView.swift in Sources */ = {isa = PBXBuildFile; fileRef = F7CFD52C2D11EBB20061158C /* HerosView.swift */; };
/* End PBXBuildFile section */

/* Begin PBXContainerItemProxy section */
		F7CFD4D22D11C5710061158C /* PBXContainerItemProxy */ = {
			isa = PBXContainerItemProxy;
			containerPortal = F7CFD4B82D11C5700061158C /* Project object */;
			proxyType = 1;
			remoteGlobalIDString = F7CFD4BF2D11C5700061158C;
			remoteInfo = MarvelHero_SwiiftUI;
		};
		F7CFD4DC2D11C5710061158C /* PBXContainerItemProxy */ = {
			isa = PBXContainerItemProxy;
			containerPortal = F7CFD4B82D11C5700061158C /* Project object */;
			proxyType = 1;
			remoteGlobalIDString = F7CFD4BF2D11C5700061158C;
			remoteInfo = MarvelHero_SwiiftUI;
		};
/* End PBXContainerItemProxy section */

/* Begin PBXFileReference section */
		F7CFD4C02D11C5700061158C /* MarvelHero_SwiiftUI.app */ = {isa = PBXFileReference; explicitFileType = wrapper.application; includeInIndex = 0; path = MarvelHero_SwiiftUI.app; sourceTree = BUILT_PRODUCTS_DIR; };
		F7CFD4D12D11C5710061158C /* MarvelHero_SwiiftUITests.xctest */ = {isa = PBXFileReference; explicitFileType = wrapper.cfbundle; includeInIndex = 0; path = MarvelHero_SwiiftUITests.xctest; sourceTree = BUILT_PRODUCTS_DIR; };
		F7CFD4DB2D11C5710061158C /* MarvelHero_SwiiftUIUITests.xctest */ = {isa = PBXFileReference; explicitFileType = wrapper.cfbundle; includeInIndex = 0; path = MarvelHero_SwiiftUIUITests.xctest; sourceTree = BUILT_PRODUCTS_DIR; };
		F7CFD4F42D11C60C0061158C /* Preview Assets.xcassets */ = {isa = PBXFileReference; lastKnownFileType = folder.assetcatalog; path = "Preview Assets.xcassets"; sourceTree = "<group>"; };
		F7CFD4F62D11C60C0061158C /* Assets.xcassets */ = {isa = PBXFileReference; lastKnownFileType = folder.assetcatalog; path = Assets.xcassets; sourceTree = "<group>"; };
		F7CFD4F82D11C60C0061158C /* MarvelHero_SwiiftUI.entitlements */ = {isa = PBXFileReference; lastKnownFileType = text.plist.entitlements; path = MarvelHero_SwiiftUI.entitlements; sourceTree = "<group>"; };
		F7CFD4F92D11C60C0061158C /* MarvelHero_SwiiftUIApp.swift */ = {isa = PBXFileReference; lastKnownFileType = sourcecode.swift; path = MarvelHero_SwiiftUIApp.swift; sourceTree = "<group>"; };
		F7CFD5022D11C6460061158C /* Extension+URLRespnse.swift */ = {isa = PBXFileReference; lastKnownFileType = sourcecode.swift; path = "Extension+URLRespnse.swift"; sourceTree = "<group>"; };
		F7CFD5052D11C6460061158C /* ConstantApp.swift */ = {isa = PBXFileReference; lastKnownFileType = sourcecode.swift; path = ConstantApp.swift; sourceTree = "<group>"; };
		F7CFD5072D11C6460061158C /* Models.swift */ = {isa = PBXFileReference; lastKnownFileType = sourcecode.swift; path = Models.swift; sourceTree = "<group>"; };
		F7CFD50E2D11C68F0061158C /* NetworkHeros.swift */ = {isa = PBXFileReference; lastKnownFileType = sourcecode.swift; path = NetworkHeros.swift; sourceTree = "<group>"; };
		F7CFD50F2D11C68F0061158C /* HttpResponse.swift */ = {isa = PBXFileReference; lastKnownFileType = sourcecode.swift; path = HttpResponse.swift; sourceTree = "<group>"; };
		F7CFD5102D11C68F0061158C /* HttpMethods.swift */ = {isa = PBXFileReference; lastKnownFileType = sourcecode.swift; path = HttpMethods.swift; sourceTree = "<group>"; };
		F7CFD5112D11C68F0061158C /* EndPoints.swift */ = {isa = PBXFileReference; lastKnownFileType = sourcecode.swift; path = EndPoints.swift; sourceTree = "<group>"; };
		F7CFD51B2D11D4ED0061158C /* HeroRepositoryProtocol.swift */ = {isa = PBXFileReference; lastKnownFileType = sourcecode.swift; path = HeroRepositoryProtocol.swift; sourceTree = "<group>"; };
		F7CFD5232D11D5EE0061158C /* DefaultHerosRepository.swift */ = {isa = PBXFileReference; lastKnownFileType = sourcecode.swift; path = DefaultHerosRepository.swift; sourceTree = "<group>"; };
		F7CFD5262D11D6FB0061158C /* HerosUseCase.swift */ = {isa = PBXFileReference; lastKnownFileType = sourcecode.swift; path = HerosUseCase.swift; sourceTree = "<group>"; };
		F7CFD5282D11E1190061158C /* HerosViewModel.swift */ = {isa = PBXFileReference; lastKnownFileType = sourcecode.swift; path = HerosViewModel.swift; sourceTree = "<group>"; };
		F7CFD52A2D11E25A0061158C /* HeroesData.json */ = {isa = PBXFileReference; lastKnownFileType = text.json; path = HeroesData.json; sourceTree = "<group>"; };
		F7CFD52C2D11EBB20061158C /* HerosView.swift */ = {isa = PBXFileReference; lastKnownFileType = sourcecode.swift; path = HerosView.swift; sourceTree = "<group>"; };
/* End PBXFileReference section */

/* Begin PBXFileSystemSynchronizedRootGroup section */
		F7CFD4D42D11C5710061158C /* MarvelHero_SwiiftUITests */ = {
			isa = PBXFileSystemSynchronizedRootGroup;
			path = MarvelHero_SwiiftUITests;
			sourceTree = "<group>";
		};
		F7CFD4DE2D11C5710061158C /* MarvelHero_SwiiftUIUITests */ = {
			isa = PBXFileSystemSynchronizedRootGroup;
			path = MarvelHero_SwiiftUIUITests;
			sourceTree = "<group>";
		};
/* End PBXFileSystemSynchronizedRootGroup section */

/* Begin PBXFrameworksBuildPhase section */
		F7CFD4BD2D11C5700061158C /* Frameworks */ = {
			isa = PBXFrameworksBuildPhase;
			buildActionMask = 2147483647;
			files = (
			);
			runOnlyForDeploymentPostprocessing = 0;
		};
		F7CFD4CE2D11C5710061158C /* Frameworks */ = {
			isa = PBXFrameworksBuildPhase;
			buildActionMask = 2147483647;
			files = (
			);
			runOnlyForDeploymentPostprocessing = 0;
		};
		F7CFD4D82D11C5710061158C /* Frameworks */ = {
			isa = PBXFrameworksBuildPhase;
			buildActionMask = 2147483647;
			files = (
			);
			runOnlyForDeploymentPostprocessing = 0;
		};
/* End PBXFrameworksBuildPhase section */

/* Begin PBXGroup section */
		F7CFD4B72D11C5700061158C = {
			isa = PBXGroup;
			children = (
				F7CFD4FA2D11C60C0061158C /* MarvelHero_SwiiftUI */,
				F7CFD4D42D11C5710061158C /* MarvelHero_SwiiftUITests */,
				F7CFD4DE2D11C5710061158C /* MarvelHero_SwiiftUIUITests */,
				F7CFD4C12D11C5700061158C /* Products */,
			);
			sourceTree = "<group>";
		};
		F7CFD4C12D11C5700061158C /* Products */ = {
			isa = PBXGroup;
			children = (
				F7CFD4C02D11C5700061158C /* MarvelHero_SwiiftUI.app */,
				F7CFD4D12D11C5710061158C /* MarvelHero_SwiiftUITests.xctest */,
				F7CFD4DB2D11C5710061158C /* MarvelHero_SwiiftUIUITests.xctest */,
			);
			name = Products;
			sourceTree = "<group>";
		};
		F7CFD4F52D11C60C0061158C /* Preview Content */ = {
			isa = PBXGroup;
			children = (
				F7CFD4F42D11C60C0061158C /* Preview Assets.xcassets */,
			);
			path = "Preview Content";
			sourceTree = "<group>";
		};
		F7CFD4FA2D11C60C0061158C /* MarvelHero_SwiiftUI */ = {
			isa = PBXGroup;
			children = (
				F7CFD4F82D11C60C0061158C /* MarvelHero_SwiiftUI.entitlements */,
				F7CFD5012D11C6390061158C /* Presentation */,
				F7CFD50A2D11C6460061158C /* Domain */,
				F7CFD5152D11C68F0061158C /* Data */,
				F7CFD4F52D11C60C0061158C /* Preview Content */,
				F7CFD51A2D11C6D40061158C /* SupportFiles */,
			);
			path = MarvelHero_SwiiftUI;
			sourceTree = "<group>";
		};
		F7CFD4FF2D11C6390061158C /* ViewModel */ = {
			isa = PBXGroup;
			children = (
				F7CFD5282D11E1190061158C /* HerosViewModel.swift */,
			);
			path = ViewModel;
			sourceTree = "<group>";
		};
		F7CFD5002D11C6390061158C /* View */ = {
			isa = PBXGroup;
			children = (
				F7CFD52C2D11EBB20061158C /* HerosView.swift */,
			);
			path = View;
			sourceTree = "<group>";
		};
		F7CFD5012D11C6390061158C /* Presentation */ = {
			isa = PBXGroup;
			children = (
				F7CFD4FF2D11C6390061158C /* ViewModel */,
				F7CFD5002D11C6390061158C /* View */,
			);
			path = Presentation;
			sourceTree = "<group>";
		};
		F7CFD5032D11C6460061158C /* Extensions */ = {
			isa = PBXGroup;
			children = (
				F7CFD5022D11C6460061158C /* Extension+URLRespnse.swift */,
			);
			path = Extensions;
			sourceTree = "<group>";
		};
		F7CFD5042D11C6460061158C /* Protocolos  */ = {
			isa = PBXGroup;
			children = (
				F7CFD51B2D11D4ED0061158C /* HeroRepositoryProtocol.swift */,
			);
			path = "Protocolos ";
			sourceTree = "<group>";
		};
		F7CFD5062D11C6460061158C /* Tools */ = {
			isa = PBXGroup;
			children = (
				F7CFD5052D11C6460061158C /* ConstantApp.swift */,
			);
			path = Tools;
			sourceTree = "<group>";
		};
		F7CFD5082D11C6460061158C /* Entities */ = {
			isa = PBXGroup;
			children = (
				F7CFD5072D11C6460061158C /* Models.swift */,
			);
			path = Entities;
			sourceTree = "<group>";
		};
		F7CFD5092D11C6460061158C /* UseCase */ = {
			isa = PBXGroup;
			children = (
				F7CFD5262D11D6FB0061158C /* HerosUseCase.swift */,
			);
			path = UseCase;
			sourceTree = "<group>";
		};
		F7CFD50A2D11C6460061158C /* Domain */ = {
			isa = PBXGroup;
			children = (
				F7CFD5032D11C6460061158C /* Extensions */,
				F7CFD5042D11C6460061158C /* Protocolos  */,
				F7CFD5062D11C6460061158C /* Tools */,
				F7CFD5082D11C6460061158C /* Entities */,
				F7CFD5092D11C6460061158C /* UseCase */,
			);
			path = Domain;
			sourceTree = "<group>";
		};
		F7CFD5122D11C68F0061158C /* BaseNetwork */ = {
			isa = PBXGroup;
			children = (
				F7CFD50F2D11C68F0061158C /* HttpResponse.swift */,
				F7CFD5102D11C68F0061158C /* HttpMethods.swift */,
				F7CFD5112D11C68F0061158C /* EndPoints.swift */,
			);
			path = BaseNetwork;
			sourceTree = "<group>";
		};
		F7CFD5132D11C68F0061158C /* Repository */ = {
			isa = PBXGroup;
			children = (
				F7CFD5232D11D5EE0061158C /* DefaultHerosRepository.swift */,
			);
			path = Repository;
			sourceTree = "<group>";
		};
		F7CFD5142D11C68F0061158C /* Local */ = {
			isa = PBXGroup;
			children = (
			);
			path = Local;
			sourceTree = "<group>";
		};
		F7CFD5152D11C68F0061158C /* Data */ = {
			isa = PBXGroup;
			children = (
				F7CFD50E2D11C68F0061158C /* NetworkHeros.swift */,
				F7CFD5122D11C68F0061158C /* BaseNetwork */,
				F7CFD5132D11C68F0061158C /* Repository */,
				F7CFD5142D11C68F0061158C /* Local */,
			);
			path = Data;
			sourceTree = "<group>";
		};
		F7CFD51A2D11C6D40061158C /* SupportFiles */ = {
			isa = PBXGroup;
			children = (
				F7CFD52A2D11E25A0061158C /* HeroesData.json */,
				F7CFD4F62D11C60C0061158C /* Assets.xcassets */,
				F7CFD4F92D11C60C0061158C /* MarvelHero_SwiiftUIApp.swift */,
			);
			path = SupportFiles;
			sourceTree = "<group>";
		};
/* End PBXGroup section */

/* Begin PBXNativeTarget section */
		F7CFD4BF2D11C5700061158C /* MarvelHero_SwiiftUI */ = {
			isa = PBXNativeTarget;
			buildConfigurationList = F7CFD4E52D11C5710061158C /* Build configuration list for PBXNativeTarget "MarvelHero_SwiiftUI" */;
			buildPhases = (
				F7CFD4BC2D11C5700061158C /* Sources */,
				F7CFD4BD2D11C5700061158C /* Frameworks */,
				F7CFD4BE2D11C5700061158C /* Resources */,
			);
			buildRules = (
			);
			dependencies = (
			);
			name = MarvelHero_SwiiftUI;
			packageProductDependencies = (
			);
			productName = MarvelHero_SwiiftUI;
			productReference = F7CFD4C02D11C5700061158C /* MarvelHero_SwiiftUI.app */;
			productType = "com.apple.product-type.application";
		};
		F7CFD4D02D11C5710061158C /* MarvelHero_SwiiftUITests */ = {
			isa = PBXNativeTarget;
			buildConfigurationList = F7CFD4E82D11C5710061158C /* Build configuration list for PBXNativeTarget "MarvelHero_SwiiftUITests" */;
			buildPhases = (
				F7CFD4CD2D11C5710061158C /* Sources */,
				F7CFD4CE2D11C5710061158C /* Frameworks */,
				F7CFD4CF2D11C5710061158C /* Resources */,
			);
			buildRules = (
			);
			dependencies = (
				F7CFD4D32D11C5710061158C /* PBXTargetDependency */,
			);
			fileSystemSynchronizedGroups = (
				F7CFD4D42D11C5710061158C /* MarvelHero_SwiiftUITests */,
			);
			name = MarvelHero_SwiiftUITests;
			packageProductDependencies = (
			);
			productName = MarvelHero_SwiiftUITests;
			productReference = F7CFD4D12D11C5710061158C /* MarvelHero_SwiiftUITests.xctest */;
			productType = "com.apple.product-type.bundle.unit-test";
		};
		F7CFD4DA2D11C5710061158C /* MarvelHero_SwiiftUIUITests */ = {
			isa = PBXNativeTarget;
			buildConfigurationList = F7CFD4EB2D11C5710061158C /* Build configuration list for PBXNativeTarget "MarvelHero_SwiiftUIUITests" */;
			buildPhases = (
				F7CFD4D72D11C5710061158C /* Sources */,
				F7CFD4D82D11C5710061158C /* Frameworks */,
				F7CFD4D92D11C5710061158C /* Resources */,
			);
			buildRules = (
			);
			dependencies = (
				F7CFD4DD2D11C5710061158C /* PBXTargetDependency */,
			);
			fileSystemSynchronizedGroups = (
				F7CFD4DE2D11C5710061158C /* MarvelHero_SwiiftUIUITests */,
			);
			name = MarvelHero_SwiiftUIUITests;
			packageProductDependencies = (
			);
			productName = MarvelHero_SwiiftUIUITests;
			productReference = F7CFD4DB2D11C5710061158C /* MarvelHero_SwiiftUIUITests.xctest */;
			productType = "com.apple.product-type.bundle.ui-testing";
		};
/* End PBXNativeTarget section */

/* Begin PBXProject section */
		F7CFD4B82D11C5700061158C /* Project object */ = {
			isa = PBXProject;
			attributes = {
				BuildIndependentTargetsInParallel = 1;
				LastSwiftUpdateCheck = 1610;
				LastUpgradeCheck = 1610;
				TargetAttributes = {
					F7CFD4BF2D11C5700061158C = {
						CreatedOnToolsVersion = 16.1;
					};
					F7CFD4D02D11C5710061158C = {
						CreatedOnToolsVersion = 16.1;
						TestTargetID = F7CFD4BF2D11C5700061158C;
					};
					F7CFD4DA2D11C5710061158C = {
						CreatedOnToolsVersion = 16.1;
						TestTargetID = F7CFD4BF2D11C5700061158C;
					};
				};
			};
			buildConfigurationList = F7CFD4BB2D11C5700061158C /* Build configuration list for PBXProject "MarvelHero_SwiiftUI" */;
			developmentRegion = en;
			hasScannedForEncodings = 0;
			knownRegions = (
				en,
				Base,
			);
			mainGroup = F7CFD4B72D11C5700061158C;
			minimizedProjectReferenceProxies = 1;
			preferredProjectObjectVersion = 77;
			productRefGroup = F7CFD4C12D11C5700061158C /* Products */;
			projectDirPath = "";
			projectRoot = "";
			targets = (
				F7CFD4BF2D11C5700061158C /* MarvelHero_SwiiftUI */,
				F7CFD4D02D11C5710061158C /* MarvelHero_SwiiftUITests */,
				F7CFD4DA2D11C5710061158C /* MarvelHero_SwiiftUIUITests */,
			);
		};
/* End PBXProject section */

/* Begin PBXResourcesBuildPhase section */
		F7CFD4BE2D11C5700061158C /* Resources */ = {
			isa = PBXResourcesBuildPhase;
			buildActionMask = 2147483647;
			files = (
				F7CFD4FB2D11C60C0061158C /* Preview Assets.xcassets in Resources */,
				F7CFD4FC2D11C60C0061158C /* Assets.xcassets in Resources */,
			);
			runOnlyForDeploymentPostprocessing = 0;
		};
		F7CFD4CF2D11C5710061158C /* Resources */ = {
			isa = PBXResourcesBuildPhase;
			buildActionMask = 2147483647;
			files = (
			);
			runOnlyForDeploymentPostprocessing = 0;
		};
		F7CFD4D92D11C5710061158C /* Resources */ = {
			isa = PBXResourcesBuildPhase;
			buildActionMask = 2147483647;
			files = (
			);
			runOnlyForDeploymentPostprocessing = 0;
		};
/* End PBXResourcesBuildPhase section */

/* Begin PBXSourcesBuildPhase section */
		F7CFD4BC2D11C5700061158C /* Sources */ = {
			isa = PBXSourcesBuildPhase;
			buildActionMask = 2147483647;
			files = (
				F7CFD52B2D11E2680061158C /* HeroesData.json in Sources */,
				F7CFD4FE2D11C60C0061158C /* MarvelHero_SwiiftUIApp.swift in Sources */,
				F7CFD50B2D11C6460061158C /* Models.swift in Sources */,
				F7CFD5292D11E1270061158C /* HerosViewModel.swift in Sources */,
				F7CFD50C2D11C6460061158C /* Extension+URLRespnse.swift in Sources */,
				F7CFD52D2D11EBB20061158C /* HerosView.swift in Sources */,
				F7CFD5162D11C68F0061158C /* EndPoints.swift in Sources */,
				F7CFD5172D11C68F0061158C /* HttpMethods.swift in Sources */,
				F7CFD5182D11C68F0061158C /* NetworkHeros.swift in Sources */,
				F7CFD5222D11D5B20061158C /* HeroRepositoryProtocol.swift in Sources */,
				F7CFD5242D11D6090061158C /* DefaultHerosRepository.swift in Sources */,
				F7CFD5192D11C68F0061158C /* HttpResponse.swift in Sources */,
				F7CFD50D2D11C6460061158C /* ConstantApp.swift in Sources */,
				F7CFD5272D11D7020061158C /* HerosUseCase.swift in Sources */,
			);
			runOnlyForDeploymentPostprocessing = 0;
		};
		F7CFD4CD2D11C5710061158C /* Sources */ = {
			isa = PBXSourcesBuildPhase;
			buildActionMask = 2147483647;
			files = (
			);
			runOnlyForDeploymentPostprocessing = 0;
		};
		F7CFD4D72D11C5710061158C /* Sources */ = {
			isa = PBXSourcesBuildPhase;
			buildActionMask = 2147483647;
			files = (
			);
			runOnlyForDeploymentPostprocessing = 0;
		};
/* End PBXSourcesBuildPhase section */

/* Begin PBXTargetDependency section */
		F7CFD4D32D11C5710061158C /* PBXTargetDependency */ = {
			isa = PBXTargetDependency;
			target = F7CFD4BF2D11C5700061158C /* MarvelHero_SwiiftUI */;
			targetProxy = F7CFD4D22D11C5710061158C /* PBXContainerItemProxy */;
		};
		F7CFD4DD2D11C5710061158C /* PBXTargetDependency */ = {
			isa = PBXTargetDependency;
			target = F7CFD4BF2D11C5700061158C /* MarvelHero_SwiiftUI */;
			targetProxy = F7CFD4DC2D11C5710061158C /* PBXContainerItemProxy */;
		};
/* End PBXTargetDependency section */

/* Begin XCBuildConfiguration section */
		F7CFD4E32D11C5710061158C /* Debug */ = {
			isa = XCBuildConfiguration;
			buildSettings = {
				ALWAYS_SEARCH_USER_PATHS = NO;
				ASSETCATALOG_COMPILER_GENERATE_SWIFT_ASSET_SYMBOL_EXTENSIONS = YES;
				CLANG_ANALYZER_NONNULL = YES;
				CLANG_ANALYZER_NUMBER_OBJECT_CONVERSION = YES_AGGRESSIVE;
				CLANG_CXX_LANGUAGE_STANDARD = "gnu++20";
				CLANG_ENABLE_MODULES = YES;
				CLANG_ENABLE_OBJC_ARC = YES;
				CLANG_ENABLE_OBJC_WEAK = YES;
				CLANG_WARN_BLOCK_CAPTURE_AUTORELEASING = YES;
				CLANG_WARN_BOOL_CONVERSION = YES;
				CLANG_WARN_COMMA = YES;
				CLANG_WARN_CONSTANT_CONVERSION = YES;
				CLANG_WARN_DEPRECATED_OBJC_IMPLEMENTATIONS = YES;
				CLANG_WARN_DIRECT_OBJC_ISA_USAGE = YES_ERROR;
				CLANG_WARN_DOCUMENTATION_COMMENTS = YES;
				CLANG_WARN_EMPTY_BODY = YES;
				CLANG_WARN_ENUM_CONVERSION = YES;
				CLANG_WARN_INFINITE_RECURSION = YES;
				CLANG_WARN_INT_CONVERSION = YES;
				CLANG_WARN_NON_LITERAL_NULL_CONVERSION = YES;
				CLANG_WARN_OBJC_IMPLICIT_RETAIN_SELF = YES;
				CLANG_WARN_OBJC_LITERAL_CONVERSION = YES;
				CLANG_WARN_OBJC_ROOT_CLASS = YES_ERROR;
				CLANG_WARN_QUOTED_INCLUDE_IN_FRAMEWORK_HEADER = YES;
				CLANG_WARN_RANGE_LOOP_ANALYSIS = YES;
				CLANG_WARN_STRICT_PROTOTYPES = YES;
				CLANG_WARN_SUSPICIOUS_MOVE = YES;
				CLANG_WARN_UNGUARDED_AVAILABILITY = YES_AGGRESSIVE;
				CLANG_WARN_UNREACHABLE_CODE = YES;
				CLANG_WARN__DUPLICATE_METHOD_MATCH = YES;
				COPY_PHASE_STRIP = NO;
				DEBUG_INFORMATION_FORMAT = dwarf;
				ENABLE_STRICT_OBJC_MSGSEND = YES;
				ENABLE_TESTABILITY = YES;
				ENABLE_USER_SCRIPT_SANDBOXING = YES;
				GCC_C_LANGUAGE_STANDARD = gnu17;
				GCC_DYNAMIC_NO_PIC = NO;
				GCC_NO_COMMON_BLOCKS = YES;
				GCC_OPTIMIZATION_LEVEL = 0;
				GCC_PREPROCESSOR_DEFINITIONS = (
					"DEBUG=1",
					"$(inherited)",
				);
				GCC_WARN_64_TO_32_BIT_CONVERSION = YES;
				GCC_WARN_ABOUT_RETURN_TYPE = YES_ERROR;
				GCC_WARN_UNDECLARED_SELECTOR = YES;
				GCC_WARN_UNINITIALIZED_AUTOS = YES_AGGRESSIVE;
				GCC_WARN_UNUSED_FUNCTION = YES;
				GCC_WARN_UNUSED_VARIABLE = YES;
				LOCALIZATION_PREFERS_STRING_CATALOGS = YES;
				MTL_ENABLE_DEBUG_INFO = INCLUDE_SOURCE;
				MTL_FAST_MATH = YES;
				ONLY_ACTIVE_ARCH = YES;
				SWIFT_ACTIVE_COMPILATION_CONDITIONS = "DEBUG $(inherited)";
				SWIFT_OPTIMIZATION_LEVEL = "-Onone";
			};
			name = Debug;
		};
		F7CFD4E42D11C5710061158C /* Release */ = {
			isa = XCBuildConfiguration;
			buildSettings = {
				ALWAYS_SEARCH_USER_PATHS = NO;
				ASSETCATALOG_COMPILER_GENERATE_SWIFT_ASSET_SYMBOL_EXTENSIONS = YES;
				CLANG_ANALYZER_NONNULL = YES;
				CLANG_ANALYZER_NUMBER_OBJECT_CONVERSION = YES_AGGRESSIVE;
				CLANG_CXX_LANGUAGE_STANDARD = "gnu++20";
				CLANG_ENABLE_MODULES = YES;
				CLANG_ENABLE_OBJC_ARC = YES;
				CLANG_ENABLE_OBJC_WEAK = YES;
				CLANG_WARN_BLOCK_CAPTURE_AUTORELEASING = YES;
				CLANG_WARN_BOOL_CONVERSION = YES;
				CLANG_WARN_COMMA = YES;
				CLANG_WARN_CONSTANT_CONVERSION = YES;
				CLANG_WARN_DEPRECATED_OBJC_IMPLEMENTATIONS = YES;
				CLANG_WARN_DIRECT_OBJC_ISA_USAGE = YES_ERROR;
				CLANG_WARN_DOCUMENTATION_COMMENTS = YES;
				CLANG_WARN_EMPTY_BODY = YES;
				CLANG_WARN_ENUM_CONVERSION = YES;
				CLANG_WARN_INFINITE_RECURSION = YES;
				CLANG_WARN_INT_CONVERSION = YES;
				CLANG_WARN_NON_LITERAL_NULL_CONVERSION = YES;
				CLANG_WARN_OBJC_IMPLICIT_RETAIN_SELF = YES;
				CLANG_WARN_OBJC_LITERAL_CONVERSION = YES;
				CLANG_WARN_OBJC_ROOT_CLASS = YES_ERROR;
				CLANG_WARN_QUOTED_INCLUDE_IN_FRAMEWORK_HEADER = YES;
				CLANG_WARN_RANGE_LOOP_ANALYSIS = YES;
				CLANG_WARN_STRICT_PROTOTYPES = YES;
				CLANG_WARN_SUSPICIOUS_MOVE = YES;
				CLANG_WARN_UNGUARDED_AVAILABILITY = YES_AGGRESSIVE;
				CLANG_WARN_UNREACHABLE_CODE = YES;
				CLANG_WARN__DUPLICATE_METHOD_MATCH = YES;
				COPY_PHASE_STRIP = NO;
				DEBUG_INFORMATION_FORMAT = "dwarf-with-dsym";
				ENABLE_NS_ASSERTIONS = NO;
				ENABLE_STRICT_OBJC_MSGSEND = YES;
				ENABLE_USER_SCRIPT_SANDBOXING = YES;
				GCC_C_LANGUAGE_STANDARD = gnu17;
				GCC_NO_COMMON_BLOCKS = YES;
				GCC_WARN_64_TO_32_BIT_CONVERSION = YES;
				GCC_WARN_ABOUT_RETURN_TYPE = YES_ERROR;
				GCC_WARN_UNDECLARED_SELECTOR = YES;
				GCC_WARN_UNINITIALIZED_AUTOS = YES_AGGRESSIVE;
				GCC_WARN_UNUSED_FUNCTION = YES;
				GCC_WARN_UNUSED_VARIABLE = YES;
				LOCALIZATION_PREFERS_STRING_CATALOGS = YES;
				MTL_ENABLE_DEBUG_INFO = NO;
				MTL_FAST_MATH = YES;
				SWIFT_COMPILATION_MODE = wholemodule;
			};
			name = Release;
		};
		F7CFD4E62D11C5710061158C /* Debug */ = {
			isa = XCBuildConfiguration;
			buildSettings = {
				ASSETCATALOG_COMPILER_APPICON_NAME = AppIcon;
				ASSETCATALOG_COMPILER_GLOBAL_ACCENT_COLOR_NAME = AccentColor;
				CODE_SIGN_ENTITLEMENTS = MarvelHero_SwiiftUI/MarvelHero_SwiiftUI.entitlements;
				CODE_SIGN_STYLE = Automatic;
				CURRENT_PROJECT_VERSION = 1;
				DEVELOPMENT_ASSET_PATHS = "\"MarvelHero_SwiiftUI/Preview Content\"";
				ENABLE_PREVIEWS = YES;
				GENERATE_INFOPLIST_FILE = YES;
				"INFOPLIST_KEY_UIApplicationSceneManifest_Generation[sdk=iphoneos*]" = YES;
				"INFOPLIST_KEY_UIApplicationSceneManifest_Generation[sdk=iphonesimulator*]" = YES;
				"INFOPLIST_KEY_UIApplicationSupportsIndirectInputEvents[sdk=iphoneos*]" = YES;
				"INFOPLIST_KEY_UIApplicationSupportsIndirectInputEvents[sdk=iphonesimulator*]" = YES;
				"INFOPLIST_KEY_UILaunchScreen_Generation[sdk=iphoneos*]" = YES;
				"INFOPLIST_KEY_UILaunchScreen_Generation[sdk=iphonesimulator*]" = YES;
				"INFOPLIST_KEY_UIStatusBarStyle[sdk=iphoneos*]" = UIStatusBarStyleDefault;
				"INFOPLIST_KEY_UIStatusBarStyle[sdk=iphonesimulator*]" = UIStatusBarStyleDefault;
				INFOPLIST_KEY_UISupportedInterfaceOrientations_iPad = "UIInterfaceOrientationPortrait UIInterfaceOrientationPortraitUpsideDown UIInterfaceOrientationLandscapeLeft UIInterfaceOrientationLandscapeRight";
				INFOPLIST_KEY_UISupportedInterfaceOrientations_iPhone = "UIInterfaceOrientationPortrait UIInterfaceOrientationLandscapeLeft UIInterfaceOrientationLandscapeRight";
				IPHONEOS_DEPLOYMENT_TARGET = 18.1;
				LD_RUNPATH_SEARCH_PATHS = "@executable_path/Frameworks";
				"LD_RUNPATH_SEARCH_PATHS[sdk=macosx*]" = "@executable_path/../Frameworks";
				MACOSX_DEPLOYMENT_TARGET = 15.1;
				MARKETING_VERSION = 1.0;
				PRODUCT_BUNDLE_IDENTIFIER = "com.Diego.MarvelHero-SwiiftUI";
				PRODUCT_NAME = "$(TARGET_NAME)";
				SDKROOT = auto;
				SUPPORTED_PLATFORMS = "iphoneos iphonesimulator macosx xros xrsimulator";
				SWIFT_EMIT_LOC_STRINGS = YES;
				SWIFT_VERSION = 5.0;
				TARGETED_DEVICE_FAMILY = "1,2,7";
				XROS_DEPLOYMENT_TARGET = 2.1;
			};
			name = Debug;
		};
		F7CFD4E72D11C5710061158C /* Release */ = {
			isa = XCBuildConfiguration;
			buildSettings = {
				ASSETCATALOG_COMPILER_APPICON_NAME = AppIcon;
				ASSETCATALOG_COMPILER_GLOBAL_ACCENT_COLOR_NAME = AccentColor;
				CODE_SIGN_ENTITLEMENTS = MarvelHero_SwiiftUI/MarvelHero_SwiiftUI.entitlements;
				CODE_SIGN_STYLE = Automatic;
				CURRENT_PROJECT_VERSION = 1;
				DEVELOPMENT_ASSET_PATHS = "\"MarvelHero_SwiiftUI/Preview Content\"";
				ENABLE_PREVIEWS = YES;
				GENERATE_INFOPLIST_FILE = YES;
				"INFOPLIST_KEY_UIApplicationSceneManifest_Generation[sdk=iphoneos*]" = YES;
				"INFOPLIST_KEY_UIApplicationSceneManifest_Generation[sdk=iphonesimulator*]" = YES;
				"INFOPLIST_KEY_UIApplicationSupportsIndirectInputEvents[sdk=iphoneos*]" = YES;
				"INFOPLIST_KEY_UIApplicationSupportsIndirectInputEvents[sdk=iphonesimulator*]" = YES;
				"INFOPLIST_KEY_UILaunchScreen_Generation[sdk=iphoneos*]" = YES;
				"INFOPLIST_KEY_UILaunchScreen_Generation[sdk=iphonesimulator*]" = YES;
				"INFOPLIST_KEY_UIStatusBarStyle[sdk=iphoneos*]" = UIStatusBarStyleDefault;
				"INFOPLIST_KEY_UIStatusBarStyle[sdk=iphonesimulator*]" = UIStatusBarStyleDefault;
				INFOPLIST_KEY_UISupportedInterfaceOrientations_iPad = "UIInterfaceOrientationPortrait UIInterfaceOrientationPortraitUpsideDown UIInterfaceOrientationLandscapeLeft UIInterfaceOrientationLandscapeRight";
				INFOPLIST_KEY_UISupportedInterfaceOrientations_iPhone = "UIInterfaceOrientationPortrait UIInterfaceOrientationLandscapeLeft UIInterfaceOrientationLandscapeRight";
				IPHONEOS_DEPLOYMENT_TARGET = 18.1;
				LD_RUNPATH_SEARCH_PATHS = "@executable_path/Frameworks";
				"LD_RUNPATH_SEARCH_PATHS[sdk=macosx*]" = "@executable_path/../Frameworks";
				MACOSX_DEPLOYMENT_TARGET = 15.1;
				MARKETING_VERSION = 1.0;
				PRODUCT_BUNDLE_IDENTIFIER = "com.Diego.MarvelHero-SwiiftUI";
				PRODUCT_NAME = "$(TARGET_NAME)";
				SDKROOT = auto;
				SUPPORTED_PLATFORMS = "iphoneos iphonesimulator macosx xros xrsimulator";
				SWIFT_EMIT_LOC_STRINGS = YES;
				SWIFT_VERSION = 5.0;
				TARGETED_DEVICE_FAMILY = "1,2,7";
				XROS_DEPLOYMENT_TARGET = 2.1;
			};
			name = Release;
		};
		F7CFD4E92D11C5710061158C /* Debug */ = {
			isa = XCBuildConfiguration;
			buildSettings = {
				BUNDLE_LOADER = "$(TEST_HOST)";
				CODE_SIGN_STYLE = Automatic;
				CURRENT_PROJECT_VERSION = 1;
				GENERATE_INFOPLIST_FILE = YES;
				IPHONEOS_DEPLOYMENT_TARGET = 18.1;
				MACOSX_DEPLOYMENT_TARGET = 15.1;
				MARKETING_VERSION = 1.0;
				PRODUCT_BUNDLE_IDENTIFIER = "com.Diego.MarvelHero-SwiiftUITests";
				PRODUCT_NAME = "$(TARGET_NAME)";
				SDKROOT = auto;
				SUPPORTED_PLATFORMS = "iphoneos iphonesimulator macosx xros xrsimulator";
				SWIFT_EMIT_LOC_STRINGS = NO;
				SWIFT_VERSION = 5.0;
				TARGETED_DEVICE_FAMILY = "1,2,7";
				TEST_HOST = "$(BUILT_PRODUCTS_DIR)/MarvelHero_SwiiftUI.app/$(BUNDLE_EXECUTABLE_FOLDER_PATH)/MarvelHero_SwiiftUI";
				XROS_DEPLOYMENT_TARGET = 2.1;
			};
			name = Debug;
		};
		F7CFD4EA2D11C5710061158C /* Release */ = {
			isa = XCBuildConfiguration;
			buildSettings = {
				BUNDLE_LOADER = "$(TEST_HOST)";
				CODE_SIGN_STYLE = Automatic;
				CURRENT_PROJECT_VERSION = 1;
				GENERATE_INFOPLIST_FILE = YES;
				IPHONEOS_DEPLOYMENT_TARGET = 18.1;
				MACOSX_DEPLOYMENT_TARGET = 15.1;
				MARKETING_VERSION = 1.0;
				PRODUCT_BUNDLE_IDENTIFIER = "com.Diego.MarvelHero-SwiiftUITests";
				PRODUCT_NAME = "$(TARGET_NAME)";
				SDKROOT = auto;
				SUPPORTED_PLATFORMS = "iphoneos iphonesimulator macosx xros xrsimulator";
				SWIFT_EMIT_LOC_STRINGS = NO;
				SWIFT_VERSION = 5.0;
				TARGETED_DEVICE_FAMILY = "1,2,7";
				TEST_HOST = "$(BUILT_PRODUCTS_DIR)/MarvelHero_SwiiftUI.app/$(BUNDLE_EXECUTABLE_FOLDER_PATH)/MarvelHero_SwiiftUI";
				XROS_DEPLOYMENT_TARGET = 2.1;
			};
			name = Release;
		};
		F7CFD4EC2D11C5710061158C /* Debug */ = {
			isa = XCBuildConfiguration;
			buildSettings = {
				CODE_SIGN_STYLE = Automatic;
				CURRENT_PROJECT_VERSION = 1;
				GENERATE_INFOPLIST_FILE = YES;
				IPHONEOS_DEPLOYMENT_TARGET = 18.1;
				MACOSX_DEPLOYMENT_TARGET = 15.1;
				MARKETING_VERSION = 1.0;
				PRODUCT_BUNDLE_IDENTIFIER = "com.Diego.MarvelHero-SwiiftUIUITests";
				PRODUCT_NAME = "$(TARGET_NAME)";
				SDKROOT = auto;
				SUPPORTED_PLATFORMS = "iphoneos iphonesimulator macosx xros xrsimulator";
				SWIFT_EMIT_LOC_STRINGS = NO;
				SWIFT_VERSION = 5.0;
				TARGETED_DEVICE_FAMILY = "1,2,7";
				TEST_TARGET_NAME = MarvelHero_SwiiftUI;
				XROS_DEPLOYMENT_TARGET = 2.1;
			};
			name = Debug;
		};
		F7CFD4ED2D11C5710061158C /* Release */ = {
			isa = XCBuildConfiguration;
			buildSettings = {
				CODE_SIGN_STYLE = Automatic;
				CURRENT_PROJECT_VERSION = 1;
				GENERATE_INFOPLIST_FILE = YES;
				IPHONEOS_DEPLOYMENT_TARGET = 18.1;
				MACOSX_DEPLOYMENT_TARGET = 15.1;
				MARKETING_VERSION = 1.0;
				PRODUCT_BUNDLE_IDENTIFIER = "com.Diego.MarvelHero-SwiiftUIUITests";
				PRODUCT_NAME = "$(TARGET_NAME)";
				SDKROOT = auto;
				SUPPORTED_PLATFORMS = "iphoneos iphonesimulator macosx xros xrsimulator";
				SWIFT_EMIT_LOC_STRINGS = NO;
				SWIFT_VERSION = 5.0;
				TARGETED_DEVICE_FAMILY = "1,2,7";
				TEST_TARGET_NAME = MarvelHero_SwiiftUI;
				XROS_DEPLOYMENT_TARGET = 2.1;
			};
			name = Release;
		};
/* End XCBuildConfiguration section */

/* Begin XCConfigurationList section */
		F7CFD4BB2D11C5700061158C /* Build configuration list for PBXProject "MarvelHero_SwiiftUI" */ = {
			isa = XCConfigurationList;
			buildConfigurations = (
				F7CFD4E32D11C5710061158C /* Debug */,
				F7CFD4E42D11C5710061158C /* Release */,
			);
			defaultConfigurationIsVisible = 0;
			defaultConfigurationName = Release;
		};
		F7CFD4E52D11C5710061158C /* Build configuration list for PBXNativeTarget "MarvelHero_SwiiftUI" */ = {
			isa = XCConfigurationList;
			buildConfigurations = (
				F7CFD4E62D11C5710061158C /* Debug */,
				F7CFD4E72D11C5710061158C /* Release */,
			);
			defaultConfigurationIsVisible = 0;
			defaultConfigurationName = Release;
		};
		F7CFD4E82D11C5710061158C /* Build configuration list for PBXNativeTarget "MarvelHero_SwiiftUITests" */ = {
			isa = XCConfigurationList;
			buildConfigurations = (
				F7CFD4E92D11C5710061158C /* Debug */,
				F7CFD4EA2D11C5710061158C /* Release */,
			);
			defaultConfigurationIsVisible = 0;
			defaultConfigurationName = Release;
		};
		F7CFD4EB2D11C5710061158C /* Build configuration list for PBXNativeTarget "MarvelHero_SwiiftUIUITests" */ = {
			isa = XCConfigurationList;
			buildConfigurations = (
				F7CFD4EC2D11C5710061158C /* Debug */,
				F7CFD4ED2D11C5710061158C /* Release */,
			);
			defaultConfigurationIsVisible = 0;
			defaultConfigurationName = Release;
		};
/* End XCConfigurationList section */
	};
	rootObject = F7CFD4B82D11C5700061158C /* Project object */;
}
